{
  "name": "vzt-agent-protocol",
  "version": "1.17.0",
  "lockfileVersion": 3,
  "requires": true,
  "packages": {
    "": {
      "name": "vzt-agent-protocol",
      "version": "1.17.0",
      "license": "MIT",
      "bin": {
        "vzt-agent": "cli/vzt-agent.js"
      },
      "engines": {
        "node": ">=18"
      }
    }
  }
}
